
Microsoft Visual Studio Solution File, Format Version 12.00
# Visual Studio Version 17
VisualStudioVersion = 17.6.33815.320
MinimumVisualStudioVersion = 10.0.40219.1
Project("{FAE04EC0-301F-11D3-BF4B-00C04F79EFBC}") = "Phase1Section4.33", "Phase1Section4.33\Phase1Section4.33.csproj", "{2535196B-8A0D-42C7-8E4E-8517617B60AB}"
EndProject
Global
	GlobalSection(SolutionConfigurationPlatforms) = preSolution
		Debug|Any CPU = Debug|Any CPU
		Release|Any CPU = Release|Any CPU
	EndGlobalSection
	GlobalSection(ProjectConfigurationPlatforms) = postSolution
		{2535196B-8A0D-42C7-8E4E-8517617B60AB}.Debug|Any CPU.ActiveCfg = Debug|Any CPU
		{2535196B-8A0D-42C7-8E4E-8517617B60AB}.Debug|Any CPU.Build.0 = Debug|Any CPU
		{2535196B-8A0D-42C7-8E4E-8517617B60AB}.Release|Any CPU.ActiveCfg = Release|Any CPU
		{2535196B-8A0D-42C7-8E4E-8517617B60AB}.Release|Any CPU.Build.0 = Release|Any CPU
	EndGlobalSection
	GlobalSection(SolutionProperties) = preSolution
		HideSolutionNode = FALSE
	EndGlobalSection
	GlobalSection(ExtensibilityGlobals) = postSolution
		SolutionGuid = {EE292440-77E3-436C-8DAA-1ABCEDFF99D6}
	EndGlobalSection
EndGlobal
